
Microsoft Visual Studio Solution File, Format Version 12.00
# Visual Studio Version 17
VisualStudioVersion = 17.14.36429.23
MinimumVisualStudioVersion = 10.0.40219.1
Project("{FAE04EC0-301F-11D3-BF4B-00C04F79EFBC}") = "learning_c_sharp", "learning_c_sharp\learning_c_sharp.csproj", "{87373D3B-9261-4483-B789-C41974DA3AD7}"
EndProject
Project("{FAE04EC0-301F-11D3-BF4B-00C04F79EFBC}") = "largest_elem", "largest_elem\largest_elem.csproj", "{93EFF08C-2B55-433A-8330-141697410702}"
EndProject
Project("{FAE04EC0-301F-11D3-BF4B-00C04F79EFBC}") = "largest_elem.Tests", "largest_elem.Tests\largest_elem.Tests.csproj", "{BF800D57-D46A-476E-BEAD-3AFBBB683A0B}"
EndProject
Global
	GlobalSection(SolutionConfigurationPlatforms) = preSolution
		Debug|Any CPU = Debug|Any CPU
		Release|Any CPU = Release|Any CPU
	EndGlobalSection
	GlobalSection(ProjectConfigurationPlatforms) = postSolution
		{87373D3B-9261-4483-B789-C41974DA3AD7}.Debug|Any CPU.ActiveCfg = Debug|Any CPU
		{87373D3B-9261-4483-B789-C41974DA3AD7}.Debug|Any CPU.Build.0 = Debug|Any CPU
		{87373D3B-9261-4483-B789-C41974DA3AD7}.Release|Any CPU.ActiveCfg = Release|Any CPU
		{87373D3B-9261-4483-B789-C41974DA3AD7}.Release|Any CPU.Build.0 = Release|Any CPU
		{93EFF08C-2B55-433A-8330-141697410702}.Debug|Any CPU.ActiveCfg = Debug|Any CPU
		{93EFF08C-2B55-433A-8330-141697410702}.Debug|Any CPU.Build.0 = Debug|Any CPU
		{93EFF08C-2B55-433A-8330-141697410702}.Release|Any CPU.ActiveCfg = Release|Any CPU
		{93EFF08C-2B55-433A-8330-141697410702}.Release|Any CPU.Build.0 = Release|Any CPU
		{BF800D57-D46A-476E-BEAD-3AFBBB683A0B}.Debug|Any CPU.ActiveCfg = Debug|Any CPU
		{BF800D57-D46A-476E-BEAD-3AFBBB683A0B}.Debug|Any CPU.Build.0 = Debug|Any CPU
		{BF800D57-D46A-476E-BEAD-3AFBBB683A0B}.Release|Any CPU.ActiveCfg = Release|Any CPU
		{BF800D57-D46A-476E-BEAD-3AFBBB683A0B}.Release|Any CPU.Build.0 = Release|Any CPU
	EndGlobalSection
	GlobalSection(SolutionProperties) = preSolution
		HideSolutionNode = FALSE
	EndGlobalSection
	GlobalSection(ExtensibilityGlobals) = postSolution
		SolutionGuid = {A5382B5C-4590-4222-BB04-F5120B3612E5}
	EndGlobalSection
EndGlobal
